// !$*UTF8*$!
{
	archiveVersion = 1;
	classes = {
	};
	objectVersion = 56;
	objects = {

/* Begin PBXBuildFile section */
		7E50B89A2B225ABA00CDC219 /* AppDelegate.swift in Sources */ = {isa = PBXBuildFile; fileRef = 7E50B8992B225ABA00CDC219 /* AppDelegate.swift */; };
		7E50B89C2B225ABA00CDC219 /* SceneDelegate.swift in Sources */ = {isa = PBXBuildFile; fileRef = 7E50B89B2B225ABA00CDC219 /* SceneDelegate.swift */; };
		7E50B89E2B225ABA00CDC219 /* RMTabbarViewController.swift in Sources */ = {isa = PBXBuildFile; fileRef = 7E50B89D2B225ABA00CDC219 /* RMTabbarViewController.swift */; };
		7E50B8A12B225ABA00CDC219 /* Main.storyboard in Resources */ = {isa = PBXBuildFile; fileRef = 7E50B89F2B225ABA00CDC219 /* Main.storyboard */; };
		7E50B8A32B225ABB00CDC219 /* Assets.xcassets in Resources */ = {isa = PBXBuildFile; fileRef = 7E50B8A22B225ABB00CDC219 /* Assets.xcassets */; };
		7E50B8A62B225ABB00CDC219 /* LaunchScreen.storyboard in Resources */ = {isa = PBXBuildFile; fileRef = 7E50B8A42B225ABB00CDC219 /* LaunchScreen.storyboard */; };
		7E50B8B52B225E0000CDC219 /* RMLocation.swift in Sources */ = {isa = PBXBuildFile; fileRef = 7E50B8B42B225E0000CDC219 /* RMLocation.swift */; };
		7E50B8B72B225E2100CDC219 /* RMCharacter.swift in Sources */ = {isa = PBXBuildFile; fileRef = 7E50B8B62B225E2100CDC219 /* RMCharacter.swift */; };
		7E50B8B92B225E3500CDC219 /* RMEpisode.swift in Sources */ = {isa = PBXBuildFile; fileRef = 7E50B8B82B225E3500CDC219 /* RMEpisode.swift */; };
		7E50B8BC2B225EE700CDC219 /* RMCharacterViewController.swift in Sources */ = {isa = PBXBuildFile; fileRef = 7E50B8BB2B225EE700CDC219 /* RMCharacterViewController.swift */; };
		7E50B8BE2B225F0700CDC219 /* RMLocationViewController.swift in Sources */ = {isa = PBXBuildFile; fileRef = 7E50B8BD2B225F0700CDC219 /* RMLocationViewController.swift */; };
		7E50B8C12B225F2500CDC219 /* RMEpisodeViewController.swift in Sources */ = {isa = PBXBuildFile; fileRef = 7E50B8C02B225F2500CDC219 /* RMEpisodeViewController.swift */; };
		7E50B8C32B22601600CDC219 /* RMSettingsViewController.swift in Sources */ = {isa = PBXBuildFile; fileRef = 7E50B8C22B22601600CDC219 /* RMSettingsViewController.swift */; };
		7E50B8C52B22788C00CDC219 /* RMService.swift in Sources */ = {isa = PBXBuildFile; fileRef = 7E50B8C42B22788C00CDC219 /* RMService.swift */; };
		7E50B8C72B2278A200CDC219 /* RMRequest.swift in Sources */ = {isa = PBXBuildFile; fileRef = 7E50B8C62B2278A200CDC219 /* RMRequest.swift */; };
		7E50B8C92B22793D00CDC219 /* RMEndpoint.swift in Sources */ = {isa = PBXBuildFile; fileRef = 7E50B8C82B22793D00CDC219 /* RMEndpoint.swift */; };
		7E50B8CB2B339C8600CDC219 /* RMOrigin.swift in Sources */ = {isa = PBXBuildFile; fileRef = 7E50B8CA2B339C8600CDC219 /* RMOrigin.swift */; };
		7E50B8CD2B339D0400CDC219 /* RMSingleLocation.swift in Sources */ = {isa = PBXBuildFile; fileRef = 7E50B8CC2B339D0400CDC219 /* RMSingleLocation.swift */; };
		7E50B8CF2B339EC800CDC219 /* RMCharacterStatus.swift in Sources */ = {isa = PBXBuildFile; fileRef = 7E50B8CE2B339EC800CDC219 /* RMCharacterStatus.swift */; };
		7E50B8D12B339EF700CDC219 /* RMCharacterGender.swift in Sources */ = {isa = PBXBuildFile; fileRef = 7E50B8D02B339EF700CDC219 /* RMCharacterGender.swift */; };
		7E50B8D52B35C5BF00CDC219 /* RMGetAllCharactersResponse.swift in Sources */ = {isa = PBXBuildFile; fileRef = 7E50B8D42B35C5BF00CDC219 /* RMGetAllCharactersResponse.swift */; };
		7E50B8D72B4C83D800CDC219 /* RMCharachterListViewViewModel.swift in Sources */ = {isa = PBXBuildFile; fileRef = 7E50B8D62B4C83D800CDC219 /* RMCharachterListViewViewModel.swift */; };
		7E50B8D92B4C84C200CDC219 /* RMCharachterListView.swift in Sources */ = {isa = PBXBuildFile; fileRef = 7E50B8D82B4C84C200CDC219 /* RMCharachterListView.swift */; };
		7E50B8DB2B4C91D500CDC219 /* Extensions.swift in Sources */ = {isa = PBXBuildFile; fileRef = 7E50B8DA2B4C91D500CDC219 /* Extensions.swift */; };
		7E50B8DD2B4CBC2600CDC219 /* RMCharacterCollectionViewCell.swift in Sources */ = {isa = PBXBuildFile; fileRef = 7E50B8DC2B4CBC2600CDC219 /* RMCharacterCollectionViewCell.swift */; };
		7E50B8DF2B4CBDEA00CDC219 /* RMCharacterCollectionViewCellViewModel.swift in Sources */ = {isa = PBXBuildFile; fileRef = 7E50B8DE2B4CBDEA00CDC219 /* RMCharacterCollectionViewCellViewModel.swift */; };
		7E83FF292B567E3F00AD2CE2 /* RMCharacterDetailViewController.swift in Sources */ = {isa = PBXBuildFile; fileRef = 7E83FF282B567E3F00AD2CE2 /* RMCharacterDetailViewController.swift */; };
		7E83FF2B2B567EFF00AD2CE2 /* RMCharacterDetailView.swift in Sources */ = {isa = PBXBuildFile; fileRef = 7E83FF2A2B567EFF00AD2CE2 /* RMCharacterDetailView.swift */; };
		7E83FF2D2B567F3400AD2CE2 /* RMCharacterDetailViewViewModel.swift in Sources */ = {isa = PBXBuildFile; fileRef = 7E83FF2C2B567F3400AD2CE2 /* RMCharacterDetailViewViewModel.swift */; };
		7E83FF2F2B56AB5700AD2CE2 /* RMFooterCollectionReusableView.swift in Sources */ = {isa = PBXBuildFile; fileRef = 7E83FF2E2B56AB5700AD2CE2 /* RMFooterCollectionReusableView.swift */; };
		7E83FF312B5FE18900AD2CE2 /* ImageLoader.swift in Sources */ = {isa = PBXBuildFile; fileRef = 7E83FF302B5FE18900AD2CE2 /* ImageLoader.swift */; };
		7E83FF362B67CF7E00AD2CE2 /* RMCharacterPhotoCollectionViewCell.swift in Sources */ = {isa = PBXBuildFile; fileRef = 7E83FF352B67CF7E00AD2CE2 /* RMCharacterPhotoCollectionViewCell.swift */; };
		7E83FF392B67CFA100AD2CE2 /* RMCharacterEpisodeCollectionViewCell.swift in Sources */ = {isa = PBXBuildFile; fileRef = 7E83FF382B67CFA100AD2CE2 /* RMCharacterEpisodeCollectionViewCell.swift */; };
		7E83FF3B2B67CFB000AD2CE2 /* RMCharacterInfoCollectionViewCell.swift in Sources */ = {isa = PBXBuildFile; fileRef = 7E83FF3A2B67CFB000AD2CE2 /* RMCharacterInfoCollectionViewCell.swift */; };
		7E83FF3E2B67D02800AD2CE2 /* RMCharacterPhotoCollectionViewCellViewModel.swift in Sources */ = {isa = PBXBuildFile; fileRef = 7E83FF3D2B67D02800AD2CE2 /* RMCharacterPhotoCollectionViewCellViewModel.swift */; };
		7E83FF402B67D03C00AD2CE2 /* FileRMCharacterEpisodeCollectionViewCellViewModel.swift in Sources */ = {isa = PBXBuildFile; fileRef = 7E83FF3F2B67D03C00AD2CE2 /* FileRMCharacterEpisodeCollectionViewCellViewModel.swift */; };
		7E83FF432B67D05900AD2CE2 /* FileRMCharacterInfoCollectionViewCellViewModel.swift in Sources */ = {isa = PBXBuildFile; fileRef = 7E83FF422B67D05900AD2CE2 /* FileRMCharacterInfoCollectionViewCellViewModel.swift */; };
		7E83FF452B7C085800AD2CE2 /* RMEpisodeDetailViewController.swift in Sources */ = {isa = PBXBuildFile; fileRef = 7E83FF442B7C085800AD2CE2 /* RMEpisodeDetailViewController.swift */; };
		7E83FF472B7C0FFF00AD2CE2 /* RMAPICacheManager.swift in Sources */ = {isa = PBXBuildFile; fileRef = 7E83FF462B7C0FFF00AD2CE2 /* RMAPICacheManager.swift */; };
/* End PBXBuildFile section */

/* Begin PBXFileReference section */
		7E50B8962B225ABA00CDC219 /* RickAndMorty.app */ = {isa = PBXFileReference; explicitFileType = wrapper.application; includeInIndex = 0; path = RickAndMorty.app; sourceTree = BUILT_PRODUCTS_DIR; };
		7E50B8992B225ABA00CDC219 /* AppDelegate.swift */ = {isa = PBXFileReference; lastKnownFileType = sourcecode.swift; path = AppDelegate.swift; sourceTree = "<group>"; };
		7E50B89B2B225ABA00CDC219 /* SceneDelegate.swift */ = {isa = PBXFileReference; lastKnownFileType = sourcecode.swift; path = SceneDelegate.swift; sourceTree = "<group>"; };
		7E50B89D2B225ABA00CDC219 /* RMTabbarViewController.swift */ = {isa = PBXFileReference; lastKnownFileType = sourcecode.swift; path = RMTabbarViewController.swift; sourceTree = "<group>"; };
		7E50B8A02B225ABA00CDC219 /* Base */ = {isa = PBXFileReference; lastKnownFileType = file.storyboard; name = Base; path = Base.lproj/Main.storyboard; sourceTree = "<group>"; };
		7E50B8A22B225ABB00CDC219 /* Assets.xcassets */ = {isa = PBXFileReference; lastKnownFileType = folder.assetcatalog; path = Assets.xcassets; sourceTree = "<group>"; };
		7E50B8A52B225ABB00CDC219 /* Base */ = {isa = PBXFileReference; lastKnownFileType = file.storyboard; name = Base; path = Base.lproj/LaunchScreen.storyboard; sourceTree = "<group>"; };
		7E50B8A72B225ABB00CDC219 /* Info.plist */ = {isa = PBXFileReference; lastKnownFileType = text.plist.xml; path = Info.plist; sourceTree = "<group>"; };
		7E50B8B42B225E0000CDC219 /* RMLocation.swift */ = {isa = PBXFileReference; lastKnownFileType = sourcecode.swift; path = RMLocation.swift; sourceTree = "<group>"; };
		7E50B8B62B225E2100CDC219 /* RMCharacter.swift */ = {isa = PBXFileReference; lastKnownFileType = sourcecode.swift; path = RMCharacter.swift; sourceTree = "<group>"; };
		7E50B8B82B225E3500CDC219 /* RMEpisode.swift */ = {isa = PBXFileReference; lastKnownFileType = sourcecode.swift; path = RMEpisode.swift; sourceTree = "<group>"; };
		7E50B8BB2B225EE700CDC219 /* RMCharacterViewController.swift */ = {isa = PBXFileReference; lastKnownFileType = sourcecode.swift; path = RMCharacterViewController.swift; sourceTree = "<group>"; };
		7E50B8BD2B225F0700CDC219 /* RMLocationViewController.swift */ = {isa = PBXFileReference; lastKnownFileType = sourcecode.swift; path = RMLocationViewController.swift; sourceTree = "<group>"; };
		7E50B8C02B225F2500CDC219 /* RMEpisodeViewController.swift */ = {isa = PBXFileReference; lastKnownFileType = sourcecode.swift; path = RMEpisodeViewController.swift; sourceTree = "<group>"; };
		7E50B8C22B22601600CDC219 /* RMSettingsViewController.swift */ = {isa = PBXFileReference; lastKnownFileType = sourcecode.swift; path = RMSettingsViewController.swift; sourceTree = "<group>"; };
		7E50B8C42B22788C00CDC219 /* RMService.swift */ = {isa = PBXFileReference; lastKnownFileType = sourcecode.swift; path = RMService.swift; sourceTree = "<group>"; };
		7E50B8C62B2278A200CDC219 /* RMRequest.swift */ = {isa = PBXFileReference; lastKnownFileType = sourcecode.swift; path = RMRequest.swift; sourceTree = "<group>"; };
		7E50B8C82B22793D00CDC219 /* RMEndpoint.swift */ = {isa = PBXFileReference; lastKnownFileType = sourcecode.swift; path = RMEndpoint.swift; sourceTree = "<group>"; };
		7E50B8CA2B339C8600CDC219 /* RMOrigin.swift */ = {isa = PBXFileReference; lastKnownFileType = sourcecode.swift; path = RMOrigin.swift; sourceTree = "<group>"; };
		7E50B8CC2B339D0400CDC219 /* RMSingleLocation.swift */ = {isa = PBXFileReference; lastKnownFileType = sourcecode.swift; path = RMSingleLocation.swift; sourceTree = "<group>"; };
		7E50B8CE2B339EC800CDC219 /* RMCharacterStatus.swift */ = {isa = PBXFileReference; lastKnownFileType = sourcecode.swift; path = RMCharacterStatus.swift; sourceTree = "<group>"; };
		7E50B8D02B339EF700CDC219 /* RMCharacterGender.swift */ = {isa = PBXFileReference; lastKnownFileType = sourcecode.swift; path = RMCharacterGender.swift; sourceTree = "<group>"; };
		7E50B8D42B35C5BF00CDC219 /* RMGetAllCharactersResponse.swift */ = {isa = PBXFileReference; lastKnownFileType = sourcecode.swift; path = RMGetAllCharactersResponse.swift; sourceTree = "<group>"; };
		7E50B8D62B4C83D800CDC219 /* RMCharachterListViewViewModel.swift */ = {isa = PBXFileReference; lastKnownFileType = sourcecode.swift; path = RMCharachterListViewViewModel.swift; sourceTree = "<group>"; };
		7E50B8D82B4C84C200CDC219 /* RMCharachterListView.swift */ = {isa = PBXFileReference; lastKnownFileType = sourcecode.swift; path = RMCharachterListView.swift; sourceTree = "<group>"; };
		7E50B8DA2B4C91D500CDC219 /* Extensions.swift */ = {isa = PBXFileReference; lastKnownFileType = sourcecode.swift; path = Extensions.swift; sourceTree = "<group>"; };
		7E50B8DC2B4CBC2600CDC219 /* RMCharacterCollectionViewCell.swift */ = {isa = PBXFileReference; lastKnownFileType = sourcecode.swift; path = RMCharacterCollectionViewCell.swift; sourceTree = "<group>"; };
		7E50B8DE2B4CBDEA00CDC219 /* RMCharacterCollectionViewCellViewModel.swift */ = {isa = PBXFileReference; lastKnownFileType = sourcecode.swift; path = RMCharacterCollectionViewCellViewModel.swift; sourceTree = "<group>"; };
		7E83FF282B567E3F00AD2CE2 /* RMCharacterDetailViewController.swift */ = {isa = PBXFileReference; lastKnownFileType = sourcecode.swift; path = RMCharacterDetailViewController.swift; sourceTree = "<group>"; };
		7E83FF2A2B567EFF00AD2CE2 /* RMCharacterDetailView.swift */ = {isa = PBXFileReference; lastKnownFileType = sourcecode.swift; path = RMCharacterDetailView.swift; sourceTree = "<group>"; };
		7E83FF2C2B567F3400AD2CE2 /* RMCharacterDetailViewViewModel.swift */ = {isa = PBXFileReference; lastKnownFileType = sourcecode.swift; path = RMCharacterDetailViewViewModel.swift; sourceTree = "<group>"; };
		7E83FF2E2B56AB5700AD2CE2 /* RMFooterCollectionReusableView.swift */ = {isa = PBXFileReference; lastKnownFileType = sourcecode.swift; path = RMFooterCollectionReusableView.swift; sourceTree = "<group>"; };
		7E83FF302B5FE18900AD2CE2 /* ImageLoader.swift */ = {isa = PBXFileReference; lastKnownFileType = sourcecode.swift; path = ImageLoader.swift; sourceTree = "<group>"; };
		7E83FF352B67CF7E00AD2CE2 /* RMCharacterPhotoCollectionViewCell.swift */ = {isa = PBXFileReference; lastKnownFileType = sourcecode.swift; path = RMCharacterPhotoCollectionViewCell.swift; sourceTree = "<group>"; };
		7E83FF382B67CFA100AD2CE2 /* RMCharacterEpisodeCollectionViewCell.swift */ = {isa = PBXFileReference; lastKnownFileType = sourcecode.swift; path = RMCharacterEpisodeCollectionViewCell.swift; sourceTree = "<group>"; };
		7E83FF3A2B67CFB000AD2CE2 /* RMCharacterInfoCollectionViewCell.swift */ = {isa = PBXFileReference; lastKnownFileType = sourcecode.swift; path = RMCharacterInfoCollectionViewCell.swift; sourceTree = "<group>"; };
		7E83FF3D2B67D02800AD2CE2 /* RMCharacterPhotoCollectionViewCellViewModel.swift */ = {isa = PBXFileReference; lastKnownFileType = sourcecode.swift; path = RMCharacterPhotoCollectionViewCellViewModel.swift; sourceTree = "<group>"; };
		7E83FF3F2B67D03C00AD2CE2 /* FileRMCharacterEpisodeCollectionViewCellViewModel.swift */ = {isa = PBXFileReference; lastKnownFileType = sourcecode.swift; path = FileRMCharacterEpisodeCollectionViewCellViewModel.swift; sourceTree = "<group>"; };
		7E83FF422B67D05900AD2CE2 /* FileRMCharacterInfoCollectionViewCellViewModel.swift */ = {isa = PBXFileReference; lastKnownFileType = sourcecode.swift; path = FileRMCharacterInfoCollectionViewCellViewModel.swift; sourceTree = "<group>"; };
		7E83FF442B7C085800AD2CE2 /* RMEpisodeDetailViewController.swift */ = {isa = PBXFileReference; lastKnownFileType = sourcecode.swift; path = RMEpisodeDetailViewController.swift; sourceTree = "<group>"; };
		7E83FF462B7C0FFF00AD2CE2 /* RMAPICacheManager.swift */ = {isa = PBXFileReference; lastKnownFileType = sourcecode.swift; path = RMAPICacheManager.swift; sourceTree = "<group>"; };
/* End PBXFileReference section */

/* Begin PBXFrameworksBuildPhase section */
		7E50B8932B225ABA00CDC219 /* Frameworks */ = {
			isa = PBXFrameworksBuildPhase;
			buildActionMask = 2147483647;
			files = (
			);
			runOnlyForDeploymentPostprocessing = 0;
		};
/* End PBXFrameworksBuildPhase section */

/* Begin PBXGroup section */
		7E50B88D2B225ABA00CDC219 = {
			isa = PBXGroup;
			children = (
				7E50B8982B225ABA00CDC219 /* RickAndMorty */,
				7E50B8972B225ABA00CDC219 /* Products */,
			);
			sourceTree = "<group>";
		};
		7E50B8972B225ABA00CDC219 /* Products */ = {
			isa = PBXGroup;
			children = (
				7E50B8962B225ABA00CDC219 /* RickAndMorty.app */,
			);
			name = Products;
			sourceTree = "<group>";
		};
		7E50B8982B225ABA00CDC219 /* RickAndMorty */ = {
			isa = PBXGroup;
			children = (
				7E50B8B32B225D6F00CDC219 /* Resources */,
				7E50B8B22B225D6700CDC219 /* Managers */,
				7E50B8B12B225D5700CDC219 /* APIClient */,
				7E50B8B02B225D4D00CDC219 /* ViewModels */,
				7E50B8AF2B225D4000CDC219 /* Views */,
				7E50B8AE2B225D3800CDC219 /* Models */,
				7E50B8AD2B225D2D00CDC219 /* Controllers */,
				7E50B89F2B225ABA00CDC219 /* Main.storyboard */,
				7E50B8A72B225ABB00CDC219 /* Info.plist */,
			);
			path = RickAndMorty;
			sourceTree = "<group>";
		};
		7E50B8AD2B225D2D00CDC219 /* Controllers */ = {
			isa = PBXGroup;
			children = (
				7E83FF272B567E1500AD2CE2 /* Other */,
				7E50B8BA2B225E9800CDC219 /* Core */,
			);
			path = Controllers;
			sourceTree = "<group>";
		};
		7E50B8AE2B225D3800CDC219 /* Models */ = {
			isa = PBXGroup;
			children = (
				7E50B8D32B35C59200CDC219 /* APIResponseTypes */,
				7E50B8D22B35C57200CDC219 /* DataTypes */,
			);
			path = Models;
			sourceTree = "<group>";
		};
		7E50B8AF2B225D4000CDC219 /* Views */ = {
			isa = PBXGroup;
			children = (
				7E83FF332B67CF1500AD2CE2 /* Character */,
				7E83FF322B67CEFE00AD2CE2 /* CharacterDetail */,
			);
			path = Views;
			sourceTree = "<group>";
		};
		7E50B8B02B225D4D00CDC219 /* ViewModels */ = {
			isa = PBXGroup;
			children = (
				7E83FF3C2B67CFE000AD2CE2 /* CharacterDetail */,
				7E50B8D62B4C83D800CDC219 /* RMCharachterListViewViewModel.swift */,
				7E50B8DE2B4CBDEA00CDC219 /* RMCharacterCollectionViewCellViewModel.swift */,
			);
			path = ViewModels;
			sourceTree = "<group>";
		};
		7E50B8B12B225D5700CDC219 /* APIClient */ = {
			isa = PBXGroup;
			children = (
				7E50B8C42B22788C00CDC219 /* RMService.swift */,
				7E50B8C62B2278A200CDC219 /* RMRequest.swift */,
				7E50B8C82B22793D00CDC219 /* RMEndpoint.swift */,
			);
			path = APIClient;
			sourceTree = "<group>";
		};
		7E50B8B22B225D6700CDC219 /* Managers */ = {
			isa = PBXGroup;
			children = (
				7E83FF302B5FE18900AD2CE2 /* ImageLoader.swift */,
				7E83FF462B7C0FFF00AD2CE2 /* RMAPICacheManager.swift */,
			);
			path = Managers;
			sourceTree = "<group>";
		};
		7E50B8B32B225D6F00CDC219 /* Resources */ = {
			isa = PBXGroup;
			children = (
				7E50B8992B225ABA00CDC219 /* AppDelegate.swift */,
				7E50B89B2B225ABA00CDC219 /* SceneDelegate.swift */,
				7E50B8A42B225ABB00CDC219 /* LaunchScreen.storyboard */,
				7E50B8A22B225ABB00CDC219 /* Assets.xcassets */,
				7E50B8DA2B4C91D500CDC219 /* Extensions.swift */,
			);
			path = Resources;
			sourceTree = "<group>";
		};
		7E50B8BA2B225E9800CDC219 /* Core */ = {
			isa = PBXGroup;
			children = (
				7E50B89D2B225ABA00CDC219 /* RMTabbarViewController.swift */,
				7E50B8BB2B225EE700CDC219 /* RMCharacterViewController.swift */,
				7E50B8BD2B225F0700CDC219 /* RMLocationViewController.swift */,
				7E50B8C02B225F2500CDC219 /* RMEpisodeViewController.swift */,
				7E50B8C22B22601600CDC219 /* RMSettingsViewController.swift */,
			);
			path = Core;
			sourceTree = "<group>";
		};
		7E50B8D22B35C57200CDC219 /* DataTypes */ = {
			isa = PBXGroup;
			children = (
				7E50B8B42B225E0000CDC219 /* RMLocation.swift */,
				7E50B8B62B225E2100CDC219 /* RMCharacter.swift */,
				7E50B8B82B225E3500CDC219 /* RMEpisode.swift */,
				7E50B8CA2B339C8600CDC219 /* RMOrigin.swift */,
				7E50B8CC2B339D0400CDC219 /* RMSingleLocation.swift */,
				7E50B8CE2B339EC800CDC219 /* RMCharacterStatus.swift */,
				7E50B8D02B339EF700CDC219 /* RMCharacterGender.swift */,
			);
			path = DataTypes;
			sourceTree = "<group>";
		};
		7E50B8D32B35C59200CDC219 /* APIResponseTypes */ = {
			isa = PBXGroup;
			children = (
				7E50B8D42B35C5BF00CDC219 /* RMGetAllCharactersResponse.swift */,
			);
			path = APIResponseTypes;
			sourceTree = "<group>";
		};
		7E83FF272B567E1500AD2CE2 /* Other */ = {
			isa = PBXGroup;
			children = (
				7E83FF282B567E3F00AD2CE2 /* RMCharacterDetailViewController.swift */,
				7E83FF442B7C085800AD2CE2 /* RMEpisodeDetailViewController.swift */,
			);
			path = Other;
			sourceTree = "<group>";
		};
		7E83FF322B67CEFE00AD2CE2 /* CharacterDetail */ = {
			isa = PBXGroup;
			children = (
				7E83FF2A2B567EFF00AD2CE2 /* RMCharacterDetailView.swift */,
				7E83FF352B67CF7E00AD2CE2 /* RMCharacterPhotoCollectionViewCell.swift */,
				7E83FF3A2B67CFB000AD2CE2 /* RMCharacterInfoCollectionViewCell.swift */,
				7E83FF382B67CFA100AD2CE2 /* RMCharacterEpisodeCollectionViewCell.swift */,
			);
			path = CharacterDetail;
			sourceTree = "<group>";
		};
		7E83FF332B67CF1500AD2CE2 /* Character */ = {
			isa = PBXGroup;
			children = (
				7E50B8D82B4C84C200CDC219 /* RMCharachterListView.swift */,
				7E50B8DC2B4CBC2600CDC219 /* RMCharacterCollectionViewCell.swift */,
				7E83FF2E2B56AB5700AD2CE2 /* RMFooterCollectionReusableView.swift */,
			);
			path = Character;
			sourceTree = "<group>";
		};
		7E83FF3C2B67CFE000AD2CE2 /* CharacterDetail */ = {
			isa = PBXGroup;
			children = (
				7E83FF2C2B567F3400AD2CE2 /* RMCharacterDetailViewViewModel.swift */,
				7E83FF3D2B67D02800AD2CE2 /* RMCharacterPhotoCollectionViewCellViewModel.swift */,
				7E83FF3F2B67D03C00AD2CE2 /* FileRMCharacterEpisodeCollectionViewCellViewModel.swift */,
				7E83FF422B67D05900AD2CE2 /* FileRMCharacterInfoCollectionViewCellViewModel.swift */,
			);
			path = CharacterDetail;
			sourceTree = "<group>";
		};
/* End PBXGroup section */

/* Begin PBXNativeTarget section */
		7E50B8952B225ABA00CDC219 /* RickAndMorty */ = {
			isa = PBXNativeTarget;
			buildConfigurationList = 7E50B8AA2B225ABB00CDC219 /* Build configuration list for PBXNativeTarget "RickAndMorty" */;
			buildPhases = (
				7E50B8922B225ABA00CDC219 /* Sources */,
				7E50B8932B225ABA00CDC219 /* Frameworks */,
				7E50B8942B225ABA00CDC219 /* Resources */,
			);
			buildRules = (
			);
			dependencies = (
			);
			name = RickAndMorty;
			productName = RickAndMorty;
			productReference = 7E50B8962B225ABA00CDC219 /* RickAndMorty.app */;
			productType = "com.apple.product-type.application";
		};
/* End PBXNativeTarget section */

/* Begin PBXProject section */
		7E50B88E2B225ABA00CDC219 /* Project object */ = {
			isa = PBXProject;
			attributes = {
				BuildIndependentTargetsInParallel = 1;
				LastSwiftUpdateCheck = 1420;
				LastUpgradeCheck = 1420;
				TargetAttributes = {
					7E50B8952B225ABA00CDC219 = {
						CreatedOnToolsVersion = 14.2;
					};
				};
			};
			buildConfigurationList = 7E50B8912B225ABA00CDC219 /* Build configuration list for PBXProject "RickAndMorty" */;
			compatibilityVersion = "Xcode 14.0";
			developmentRegion = en;
			hasScannedForEncodings = 0;
			knownRegions = (
				en,
				Base,
			);
			mainGroup = 7E50B88D2B225ABA00CDC219;
			productRefGroup = 7E50B8972B225ABA00CDC219 /* Products */;
			projectDirPath = "";
			projectRoot = "";
			targets = (
				7E50B8952B225ABA00CDC219 /* RickAndMorty */,
			);
		};
/* End PBXProject section */

/* Begin PBXResourcesBuildPhase section */
		7E50B8942B225ABA00CDC219 /* Resources */ = {
			isa = PBXResourcesBuildPhase;
			buildActionMask = 2147483647;
			files = (
				7E50B8A62B225ABB00CDC219 /* LaunchScreen.storyboard in Resources */,
				7E50B8A32B225ABB00CDC219 /* Assets.xcassets in Resources */,
				7E50B8A12B225ABA00CDC219 /* Main.storyboard in Resources */,
			);
			runOnlyForDeploymentPostprocessing = 0;
		};
/* End PBXResourcesBuildPhase section */

/* Begin PBXSourcesBuildPhase section */
		7E50B8922B225ABA00CDC219 /* Sources */ = {
			isa = PBXSourcesBuildPhase;
			buildActionMask = 2147483647;
			files = (
				7E50B8CB2B339C8600CDC219 /* RMOrigin.swift in Sources */,
				7E83FF2D2B567F3400AD2CE2 /* RMCharacterDetailViewViewModel.swift in Sources */,
				7E50B8CD2B339D0400CDC219 /* RMSingleLocation.swift in Sources */,
				7E50B8CF2B339EC800CDC219 /* RMCharacterStatus.swift in Sources */,
				7E50B8D12B339EF700CDC219 /* RMCharacterGender.swift in Sources */,
				7E50B8BE2B225F0700CDC219 /* RMLocationViewController.swift in Sources */,
				7E50B8B92B225E3500CDC219 /* RMEpisode.swift in Sources */,
				7E83FF292B567E3F00AD2CE2 /* RMCharacterDetailViewController.swift in Sources */,
				7E50B89E2B225ABA00CDC219 /* RMTabbarViewController.swift in Sources */,
				7E50B8C12B225F2500CDC219 /* RMEpisodeViewController.swift in Sources */,
				7E50B89A2B225ABA00CDC219 /* AppDelegate.swift in Sources */,
				7E83FF402B67D03C00AD2CE2 /* FileRMCharacterEpisodeCollectionViewCellViewModel.swift in Sources */,
				7E83FF432B67D05900AD2CE2 /* FileRMCharacterInfoCollectionViewCellViewModel.swift in Sources */,
				7E50B8DD2B4CBC2600CDC219 /* RMCharacterCollectionViewCell.swift in Sources */,
				7E83FF3B2B67CFB000AD2CE2 /* RMCharacterInfoCollectionViewCell.swift in Sources */,
				7E50B89C2B225ABA00CDC219 /* SceneDelegate.swift in Sources */,
				7E50B8C32B22601600CDC219 /* RMSettingsViewController.swift in Sources */,
				7E83FF312B5FE18900AD2CE2 /* ImageLoader.swift in Sources */,
				7E50B8C52B22788C00CDC219 /* RMService.swift in Sources */,
				7E50B8B52B225E0000CDC219 /* RMLocation.swift in Sources */,
				7E83FF362B67CF7E00AD2CE2 /* RMCharacterPhotoCollectionViewCell.swift in Sources */,
				7E83FF2F2B56AB5700AD2CE2 /* RMFooterCollectionReusableView.swift in Sources */,
				7E50B8DB2B4C91D500CDC219 /* Extensions.swift in Sources */,
				7E83FF3E2B67D02800AD2CE2 /* RMCharacterPhotoCollectionViewCellViewModel.swift in Sources */,
				7E50B8C92B22793D00CDC219 /* RMEndpoint.swift in Sources */,
				7E50B8B72B225E2100CDC219 /* RMCharacter.swift in Sources */,
				7E50B8D92B4C84C200CDC219 /* RMCharachterListView.swift in Sources */,
				7E83FF452B7C085800AD2CE2 /* RMEpisodeDetailViewController.swift in Sources */,
				7E50B8C72B2278A200CDC219 /* RMRequest.swift in Sources */,
				7E50B8DF2B4CBDEA00CDC219 /* RMCharacterCollectionViewCellViewModel.swift in Sources */,
				7E50B8D52B35C5BF00CDC219 /* RMGetAllCharactersResponse.swift in Sources */,
				7E50B8D72B4C83D800CDC219 /* RMCharachterListViewViewModel.swift in Sources */,
				7E83FF392B67CFA100AD2CE2 /* RMCharacterEpisodeCollectionViewCell.swift in Sources */,
				7E50B8BC2B225EE700CDC219 /* RMCharacterViewController.swift in Sources */,
				7E83FF472B7C0FFF00AD2CE2 /* RMAPICacheManager.swift in Sources */,
				7E83FF2B2B567EFF00AD2CE2 /* RMCharacterDetailView.swift in Sources */,
			);
			runOnlyForDeploymentPostprocessing = 0;
		};
/* End PBXSourcesBuildPhase section */

/* Begin PBXVariantGroup section */
		7E50B89F2B225ABA00CDC219 /* Main.storyboard */ = {
			isa = PBXVariantGroup;
			children = (
				7E50B8A02B225ABA00CDC219 /* Base */,
			);
			name = Main.storyboard;
			sourceTree = "<group>";
		};
		7E50B8A42B225ABB00CDC219 /* LaunchScreen.storyboard */ = {
			isa = PBXVariantGroup;
			children = (
				7E50B8A52B225ABB00CDC219 /* Base */,
			);
			name = LaunchScreen.storyboard;
			sourceTree = "<group>";
		};
/* End PBXVariantGroup section */

/* Begin XCBuildConfiguration section */
		7E50B8A82B225ABB00CDC219 /* Debug */ = {
			isa = XCBuildConfiguration;
			buildSettings = {
				ALWAYS_SEARCH_USER_PATHS = NO;
				CLANG_ANALYZER_NONNULL = YES;
				CLANG_ANALYZER_NUMBER_OBJECT_CONVERSION = YES_AGGRESSIVE;
				CLANG_CXX_LANGUAGE_STANDARD = "gnu++20";
				CLANG_ENABLE_MODULES = YES;
				CLANG_ENABLE_OBJC_ARC = YES;
				CLANG_ENABLE_OBJC_WEAK = YES;
				CLANG_WARN_BLOCK_CAPTURE_AUTORELEASING = YES;
				CLANG_WARN_BOOL_CONVERSION = YES;
				CLANG_WARN_COMMA = YES;
				CLANG_WARN_CONSTANT_CONVERSION = YES;
				CLANG_WARN_DEPRECATED_OBJC_IMPLEMENTATIONS = YES;
				CLANG_WARN_DIRECT_OBJC_ISA_USAGE = YES_ERROR;
				CLANG_WARN_DOCUMENTATION_COMMENTS = YES;
				CLANG_WARN_EMPTY_BODY = YES;
				CLANG_WARN_ENUM_CONVERSION = YES;
				CLANG_WARN_INFINITE_RECURSION = YES;
				CLANG_WARN_INT_CONVERSION = YES;
				CLANG_WARN_NON_LITERAL_NULL_CONVERSION = YES;
				CLANG_WARN_OBJC_IMPLICIT_RETAIN_SELF = YES;
				CLANG_WARN_OBJC_LITERAL_CONVERSION = YES;
				CLANG_WARN_OBJC_ROOT_CLASS = YES_ERROR;
				CLANG_WARN_QUOTED_INCLUDE_IN_FRAMEWORK_HEADER = YES;
				CLANG_WARN_RANGE_LOOP_ANALYSIS = YES;
				CLANG_WARN_STRICT_PROTOTYPES = YES;
				CLANG_WARN_SUSPICIOUS_MOVE = YES;
				CLANG_WARN_UNGUARDED_AVAILABILITY = YES_AGGRESSIVE;
				CLANG_WARN_UNREACHABLE_CODE = YES;
				CLANG_WARN__DUPLICATE_METHOD_MATCH = YES;
				COPY_PHASE_STRIP = NO;
				DEBUG_INFORMATION_FORMAT = dwarf;
				ENABLE_STRICT_OBJC_MSGSEND = YES;
				ENABLE_TESTABILITY = YES;
				GCC_C_LANGUAGE_STANDARD = gnu11;
				GCC_DYNAMIC_NO_PIC = NO;
				GCC_NO_COMMON_BLOCKS = YES;
				GCC_OPTIMIZATION_LEVEL = 0;
				GCC_PREPROCESSOR_DEFINITIONS = (
					"DEBUG=1",
					"$(inherited)",
				);
				GCC_WARN_64_TO_32_BIT_CONVERSION = YES;
				GCC_WARN_ABOUT_RETURN_TYPE = YES_ERROR;
				GCC_WARN_UNDECLARED_SELECTOR = YES;
				GCC_WARN_UNINITIALIZED_AUTOS = YES_AGGRESSIVE;
				GCC_WARN_UNUSED_FUNCTION = YES;
				GCC_WARN_UNUSED_VARIABLE = YES;
				IPHONEOS_DEPLOYMENT_TARGET = 16.2;
				MTL_ENABLE_DEBUG_INFO = INCLUDE_SOURCE;
				MTL_FAST_MATH = YES;
				ONLY_ACTIVE_ARCH = YES;
				SDKROOT = iphoneos;
				SWIFT_ACTIVE_COMPILATION_CONDITIONS = DEBUG;
				SWIFT_OPTIMIZATION_LEVEL = "-Onone";
			};
			name = Debug;
		};
		7E50B8A92B225ABB00CDC219 /* Release */ = {
			isa = XCBuildConfiguration;
			buildSettings = {
				ALWAYS_SEARCH_USER_PATHS = NO;
				CLANG_ANALYZER_NONNULL = YES;
				CLANG_ANALYZER_NUMBER_OBJECT_CONVERSION = YES_AGGRESSIVE;
				CLANG_CXX_LANGUAGE_STANDARD = "gnu++20";
				CLANG_ENABLE_MODULES = YES;
				CLANG_ENABLE_OBJC_ARC = YES;
				CLANG_ENABLE_OBJC_WEAK = YES;
				CLANG_WARN_BLOCK_CAPTURE_AUTORELEASING = YES;
				CLANG_WARN_BOOL_CONVERSION = YES;
				CLANG_WARN_COMMA = YES;
				CLANG_WARN_CONSTANT_CONVERSION = YES;
				CLANG_WARN_DEPRECATED_OBJC_IMPLEMENTATIONS = YES;
				CLANG_WARN_DIRECT_OBJC_ISA_USAGE = YES_ERROR;
				CLANG_WARN_DOCUMENTATION_COMMENTS = YES;
				CLANG_WARN_EMPTY_BODY = YES;
				CLANG_WARN_ENUM_CONVERSION = YES;
				CLANG_WARN_INFINITE_RECURSION = YES;
				CLANG_WARN_INT_CONVERSION = YES;
				CLANG_WARN_NON_LITERAL_NULL_CONVERSION = YES;
				CLANG_WARN_OBJC_IMPLICIT_RETAIN_SELF = YES;
				CLANG_WARN_OBJC_LITERAL_CONVERSION = YES;
				CLANG_WARN_OBJC_ROOT_CLASS = YES_ERROR;
				CLANG_WARN_QUOTED_INCLUDE_IN_FRAMEWORK_HEADER = YES;
				CLANG_WARN_RANGE_LOOP_ANALYSIS = YES;
				CLANG_WARN_STRICT_PROTOTYPES = YES;
				CLANG_WARN_SUSPICIOUS_MOVE = YES;
				CLANG_WARN_UNGUARDED_AVAILABILITY = YES_AGGRESSIVE;
				CLANG_WARN_UNREACHABLE_CODE = YES;
				CLANG_WARN__DUPLICATE_METHOD_MATCH = YES;
				COPY_PHASE_STRIP = NO;
				DEBUG_INFORMATION_FORMAT = "dwarf-with-dsym";
				ENABLE_NS_ASSERTIONS = NO;
				ENABLE_STRICT_OBJC_MSGSEND = YES;
				GCC_C_LANGUAGE_STANDARD = gnu11;
				GCC_NO_COMMON_BLOCKS = YES;
				GCC_WARN_64_TO_32_BIT_CONVERSION = YES;
				GCC_WARN_ABOUT_RETURN_TYPE = YES_ERROR;
				GCC_WARN_UNDECLARED_SELECTOR = YES;
				GCC_WARN_UNINITIALIZED_AUTOS = YES_AGGRESSIVE;
				GCC_WARN_UNUSED_FUNCTION = YES;
				GCC_WARN_UNUSED_VARIABLE = YES;
				IPHONEOS_DEPLOYMENT_TARGET = 16.2;
				MTL_ENABLE_DEBUG_INFO = NO;
				MTL_FAST_MATH = YES;
				SDKROOT = iphoneos;
				SWIFT_COMPILATION_MODE = wholemodule;
				SWIFT_OPTIMIZATION_LEVEL = "-O";
				VALIDATE_PRODUCT = YES;
			};
			name = Release;
		};
		7E50B8AB2B225ABB00CDC219 /* Debug */ = {
			isa = XCBuildConfiguration;
			buildSettings = {
				ASSETCATALOG_COMPILER_APPICON_NAME = AppIcon;
				ASSETCATALOG_COMPILER_GLOBAL_ACCENT_COLOR_NAME = AccentColor;
				CODE_SIGN_STYLE = Automatic;
				CURRENT_PROJECT_VERSION = 1;
				DEVELOPMENT_TEAM = K3MD752X5G;
				GENERATE_INFOPLIST_FILE = YES;
				INFOPLIST_FILE = RickAndMorty/Info.plist;
				INFOPLIST_KEY_UIApplicationSupportsIndirectInputEvents = YES;
				INFOPLIST_KEY_UILaunchStoryboardName = LaunchScreen;
				INFOPLIST_KEY_UISupportedInterfaceOrientations_iPad = "UIInterfaceOrientationPortrait UIInterfaceOrientationPortraitUpsideDown UIInterfaceOrientationLandscapeLeft UIInterfaceOrientationLandscapeRight";
				INFOPLIST_KEY_UISupportedInterfaceOrientations_iPhone = "UIInterfaceOrientationPortrait UIInterfaceOrientationLandscapeLeft UIInterfaceOrientationLandscapeRight";
				LD_RUNPATH_SEARCH_PATHS = (
					"$(inherited)",
					"@executable_path/Frameworks",
				);
				MARKETING_VERSION = 1.0;
				PRODUCT_BUNDLE_IDENTIFIER = com.ziyan.RickAndMorty;
				PRODUCT_NAME = "$(TARGET_NAME)";
				SWIFT_EMIT_LOC_STRINGS = YES;
				SWIFT_VERSION = 5.0;
				TARGETED_DEVICE_FAMILY = "1,2";
			};
			name = Debug;
		};
		7E50B8AC2B225ABB00CDC219 /* Release */ = {
			isa = XCBuildConfiguration;
			buildSettings = {
				ASSETCATALOG_COMPILER_APPICON_NAME = AppIcon;
				ASSETCATALOG_COMPILER_GLOBAL_ACCENT_COLOR_NAME = AccentColor;
				CODE_SIGN_STYLE = Automatic;
				CURRENT_PROJECT_VERSION = 1;
				DEVELOPMENT_TEAM = K3MD752X5G;
				GENERATE_INFOPLIST_FILE = YES;
				INFOPLIST_FILE = RickAndMorty/Info.plist;
				INFOPLIST_KEY_UIApplicationSupportsIndirectInputEvents = YES;
				INFOPLIST_KEY_UILaunchStoryboardName = LaunchScreen;
				INFOPLIST_KEY_UISupportedInterfaceOrientations_iPad = "UIInterfaceOrientationPortrait UIInterfaceOrientationPortraitUpsideDown UIInterfaceOrientationLandscapeLeft UIInterfaceOrientationLandscapeRight";
				INFOPLIST_KEY_UISupportedInterfaceOrientations_iPhone = "UIInterfaceOrientationPortrait UIInterfaceOrientationLandscapeLeft UIInterfaceOrientationLandscapeRight";
				LD_RUNPATH_SEARCH_PATHS = (
					"$(inherited)",
					"@executable_path/Frameworks",
				);
				MARKETING_VERSION = 1.0;
				PRODUCT_BUNDLE_IDENTIFIER = com.ziyan.RickAndMorty;
				PRODUCT_NAME = "$(TARGET_NAME)";
				SWIFT_EMIT_LOC_STRINGS = YES;
				SWIFT_VERSION = 5.0;
				TARGETED_DEVICE_FAMILY = "1,2";
			};
			name = Release;
		};
/* End XCBuildConfiguration section */

/* Begin XCConfigurationList section */
		7E50B8912B225ABA00CDC219 /* Build configuration list for PBXProject "RickAndMorty" */ = {
			isa = XCConfigurationList;
			buildConfigurations = (
				7E50B8A82B225ABB00CDC219 /* Debug */,
				7E50B8A92B225ABB00CDC219 /* Release */,
			);
			defaultConfigurationIsVisible = 0;
			defaultConfigurationName = Release;
		};
		7E50B8AA2B225ABB00CDC219 /* Build configuration list for PBXNativeTarget "RickAndMorty" */ = {
			isa = XCConfigurationList;
			buildConfigurations = (
				7E50B8AB2B225ABB00CDC219 /* Debug */,
				7E50B8AC2B225ABB00CDC219 /* Release */,
			);
			defaultConfigurationIsVisible = 0;
			defaultConfigurationName = Release;
		};
/* End XCConfigurationList section */
	};
	rootObject = 7E50B88E2B225ABA00CDC219 /* Project object */;
}
